
Microsoft Visual Studio Solution File, Format Version 12.00
# Visual Studio Version 17
VisualStudioVersion = 17.3.32811.315
MinimumVisualStudioVersion = 10.0.40219.1
Project("{FAE04EC0-301F-11D3-BF4B-00C04F79EFBC}") = "souboryBin03", "souboryBin03.csproj", "{7A9A450F-A0F3-4D75-938A-CFD7D8DFFF28}"
EndProject
Global
	GlobalSection(SolutionConfigurationPlatforms) = preSolution
		Debug|Any CPU = Debug|Any CPU
		Release|Any CPU = Release|Any CPU
	EndGlobalSection
	GlobalSection(ProjectConfigurationPlatforms) = postSolution
		{7A9A450F-A0F3-4D75-938A-CFD7D8DFFF28}.Debug|Any CPU.ActiveCfg = Debug|Any CPU
		{7A9A450F-A0F3-4D75-938A-CFD7D8DFFF28}.Debug|Any CPU.Build.0 = Debug|Any CPU
		{7A9A450F-A0F3-4D75-938A-CFD7D8DFFF28}.Release|Any CPU.ActiveCfg = Release|Any CPU
		{7A9A450F-A0F3-4D75-938A-CFD7D8DFFF28}.Release|Any CPU.Build.0 = Release|Any CPU
	EndGlobalSection
	GlobalSection(SolutionProperties) = preSolution
		HideSolutionNode = FALSE
	EndGlobalSection
	GlobalSection(ExtensibilityGlobals) = postSolution
		SolutionGuid = {79C6C9CE-F213-4700-97F6-3206CE5AE6DC}
	EndGlobalSection
EndGlobal
